
Microsoft Visual Studio Solution File, Format Version 12.00
# Visual Studio Version 17
VisualStudioVersion = 17.10.34928.147
MinimumVisualStudioVersion = 10.0.40219.1
Project("{FAE04EC0-301F-11D3-BF4B-00C04F79EFBC}") = "MinesweeperApiServer", "MinesweeperApiServer\MinesweeperApiServer.csproj", "{C3B0A3D6-7FF0-43E7-B5A4-E46B6C6A8766}"
EndProject
Global
	GlobalSection(SolutionConfigurationPlatforms) = preSolution
		Debug|Any CPU = Debug|Any CPU
		Release|Any CPU = Release|Any CPU
	EndGlobalSection
	GlobalSection(ProjectConfigurationPlatforms) = postSolution
		{C3B0A3D6-7FF0-43E7-B5A4-E46B6C6A8766}.Debug|Any CPU.ActiveCfg = Debug|Any CPU
		{C3B0A3D6-7FF0-43E7-B5A4-E46B6C6A8766}.Debug|Any CPU.Build.0 = Debug|Any CPU
		{C3B0A3D6-7FF0-43E7-B5A4-E46B6C6A8766}.Release|Any CPU.ActiveCfg = Release|Any CPU
		{C3B0A3D6-7FF0-43E7-B5A4-E46B6C6A8766}.Release|Any CPU.Build.0 = Release|Any CPU
	EndGlobalSection
	GlobalSection(SolutionProperties) = preSolution
		HideSolutionNode = FALSE
	EndGlobalSection
	GlobalSection(ExtensibilityGlobals) = postSolution
		SolutionGuid = {60ED3228-6274-4C00-B682-ADC586247B47}
	EndGlobalSection
EndGlobal
